{
  "name": "asp.net",
  "version": "1.0.0",
  "lockfileVersion": 2,
  "requires": true,
  "packages": {
    "": {
      "name": "asp.net",
      "version": "1.0.0",
      "dependencies": {
        "iframe-resizer": "^4.3.2",
        "luxon": "^3.0.4"
      },
      "devDependencies": {}
    },
    "node_modules/iframe-resizer": {
      "version": "4.3.2",
      "resolved": "https://registry.npmjs.org/iframe-resizer/-/iframe-resizer-4.3.2.tgz",
      "integrity": "sha512-gOWo2hmdPjMQsQ+zTKbses08mDfDEMh4NneGQNP4qwePYujY1lguqP6gnbeJkf154gojWlBhIltlgnMfYjGHWA==",
      "engines": {
        "node": ">=0.8.0"
      },
      "funding": {
        "type": "individual",
        "url": "https://github.com/davidjbradshaw/iframe-resizer/blob/master/FUNDING.md"
      }
    },
    "node_modules/luxon": {
      "version": "3.1.0",
      "resolved": "https://registry.npmjs.org/luxon/-/luxon-3.1.0.tgz",
      "integrity": "sha512-7w6hmKC0/aoWnEsmPCu5Br54BmbmUp5GfcqBxQngRcXJ+q5fdfjEzn7dxmJh2YdDhgW8PccYtlWKSv4tQkrTQg==",
      "engines": {
        "node": ">=12"
      }
    }
  },
  "dependencies": {
    "iframe-resizer": {
      "version": "4.3.2",
      "resolved": "https://registry.npmjs.org/iframe-resizer/-/iframe-resizer-4.3.2.tgz",
      "integrity": "sha512-gOWo2hmdPjMQsQ+zTKbses08mDfDEMh4NneGQNP4qwePYujY1lguqP6gnbeJkf154gojWlBhIltlgnMfYjGHWA=="
    },
    "luxon": {
      "version": "3.1.0",
      "resolved": "https://registry.npmjs.org/luxon/-/luxon-3.1.0.tgz",
      "integrity": "sha512-7w6hmKC0/aoWnEsmPCu5Br54BmbmUp5GfcqBxQngRcXJ+q5fdfjEzn7dxmJh2YdDhgW8PccYtlWKSv4tQkrTQg=="
    }
  }
}
