
Microsoft Visual Studio Solution File, Format Version 12.00
# Visual Studio Version 17
VisualStudioVersion = 17.0.32014.148
MinimumVisualStudioVersion = 10.0.40219.1
Project("{9A19103F-16F7-4668-BE54-9A1E7A4F7556}") = "API", "API\API.csproj", "{453390AD-0DD4-4B56-B8AF-C22DE4EA6E02}"
EndProject
Project("{9A19103F-16F7-4668-BE54-9A1E7A4F7556}") = "API.Tests", "API.Tests\API.Tests.csproj", "{B2012291-4E4E-43A1-834E-513CCFA7ED3E}"
EndProject
Project("{9A19103F-16F7-4668-BE54-9A1E7A4F7556}") = "ARI-DispatchPulse", "ARI-DispatchPulse\ARI-DispatchPulse.csproj", "{9D30CDA2-07D6-400C-9811-6B98314A5A01}"
EndProject
Project("{9A19103F-16F7-4668-BE54-9A1E7A4F7556}") = "ARI-OnCall", "ARI-OnCall\ARI-OnCall.csproj", "{5EF0959E-B48C-4F6A-8609-9E1C54BD3AAC}"
EndProject
Project("{9A19103F-16F7-4668-BE54-9A1E7A4F7556}") = "AsterNET", "Asterisk.NET\AsterNET.csproj", "{63310295-A6BA-40D2-92E5-7C52A1AAA457}"
EndProject
Project("{FAE04EC0-301F-11D3-BF4B-00C04F79EFBC}") = "AsterNET.Test", "Asterisk.NET.Test\Asterisk.NET.Test\AsterNET.Test.csproj", "{B82B8EBF-8180-401D-8D3A-4BF7CFDB7A08}"
EndProject
Project("{9A19103F-16F7-4668-BE54-9A1E7A4F7556}") = "AWSPollyTest", "AWSPollyTest\AWSPollyTest.csproj", "{C27AD7D5-ACE2-46F8-AE16-43315BBF587F}"
EndProject
Project("{9A19103F-16F7-4668-BE54-9A1E7A4F7556}") = "CalendarTest", "CalendarTest\CalendarTest.csproj", "{E5ABCD75-B4EA-4AB4-9D43-0055BCBD92BF}"
EndProject
Project("{9A19103F-16F7-4668-BE54-9A1E7A4F7556}") = "ClientAccess-DispatchPulse", "ClientAccess-DispatchPulse\ClientAccess-DispatchPulse.csproj", "{2F33C829-979F-4390-B1C5-B9D3D39ECF98}"
EndProject
Project("{9A19103F-16F7-4668-BE54-9A1E7A4F7556}") = "ClosedXMLTest", "ClosedXMLTest\ClosedXMLTest.csproj", "{FAC08E78-54A0-45D2-BF52-E92695688EFA}"
EndProject
Project("{9A19103F-16F7-4668-BE54-9A1E7A4F7556}") = "CompanyBilling", "CompanyBilling\CompanyBilling.csproj", "{A4CCA6F8-9610-4378-9C9D-E21D5AE8EC8B}"
EndProject
Project("{9A19103F-16F7-4668-BE54-9A1E7A4F7556}") = "DatabaseBootstrap", "DatabaseBootstrap\DatabaseBootstrap.csproj", "{B9085554-185C-48E6-935D-7C2846068F5A}"
EndProject
Project("{9A19103F-16F7-4668-BE54-9A1E7A4F7556}") = "DateTimeDiffTest", "DateTimeDiffTest\DateTimeDiffTest.csproj", "{1B889B56-EDF0-4C88-A315-29CBFB647B74}"
EndProject
Project("{9A19103F-16F7-4668-BE54-9A1E7A4F7556}") = "EPPlusTest", "EPPlusTest\EPPlusTest.csproj", "{9243DD31-2CAD-4AA4-AD67-3DDC29621071}"
EndProject
Project("{9A19103F-16F7-4668-BE54-9A1E7A4F7556}") = "Ical.Net.Core", "Ical.Net.Core\Ical.Net.Core.csproj", "{B96B6C84-B3C7-4AF4-B9F6-2FE4937A6B09}"
EndProject
Project("{9A19103F-16F7-4668-BE54-9A1E7A4F7556}") = "Ical.Net.CoreUnitTests", "Ical.Net.CoreUnitTests\Ical.Net.CoreUnitTests.csproj", "{ED82DB20-7BC7-48CB-A7AE-77040648C1A0}"
EndProject
Project("{FAE04EC0-301F-11D3-BF4B-00C04F79EFBC}") = "Ical.Net.FrameworkUnitTests", "Ical.Net.FrameworkUnitTests\Ical.Net.FrameworkUnitTests.csproj", "{90400333-D639-4303-B8F4-DBE0DA5D379D}"
EndProject
Project("{9A19103F-16F7-4668-BE54-9A1E7A4F7556}") = "JobRunnerAssignmentsReport", "JobRunnerAssignmentsReport\JobRunnerAssignmentsReport.csproj", "{61F7FF4F-C1C2-4C18-9E7F-41D98383F9AE}"
EndProject
Project("{9A19103F-16F7-4668-BE54-9A1E7A4F7556}") = "JobRunnerCompaniesReport", "JobRunnerCompaniesReport\JobRunnerCompaniesReport.csproj", "{4009E8FB-5B34-45BF-95BB-E5EF78E4B6C4}"
EndProject
Project("{9A19103F-16F7-4668-BE54-9A1E7A4F7556}") = "JobRunnerContactsReport", "JobRunnerContactsReport\JobRunnerContactsReport.csproj", "{FFC8F524-0540-4030-A42D-96084056286D}"
EndProject
Project("{9A19103F-16F7-4668-BE54-9A1E7A4F7556}") = "JobRunnerDatabaseVerification", "JobRunnerDatabaseVerification\JobRunnerDatabaseVerification.csproj", "{4E7FC2B9-E105-433A-968D-A2B8C2CB6CE9}"
EndProject
Project("{9A19103F-16F7-4668-BE54-9A1E7A4F7556}") = "JobRunnerEnsureCompanyS3Buckets", "JobRunnerEnsureCompanyS3Buckets\JobRunnerEnsureCompanyS3Buckets.csproj", "{D8860170-06B1-4FCC-A172-B745B58938A8}"
EndProject
Project("{9A19103F-16F7-4668-BE54-9A1E7A4F7556}") = "JobRunnerLabourReport", "JobRunnerLabourReport\JobRunnerLabourReport.csproj", "{7C8F40CF-84FD-44ED-AFB2-5D303FDD1CCF}"
EndProject
Project("{9A19103F-16F7-4668-BE54-9A1E7A4F7556}") = "JobRunnerMaterialsReport", "JobRunnerMaterialsReport\JobRunnerMaterialsReport.csproj", "{613917E5-1419-4F17-AD1B-E8A2E4421A42}"
EndProject
Project("{9A19103F-16F7-4668-BE54-9A1E7A4F7556}") = "JobRunnerOnCallResponder30Days", "JobRunnerOnCallResponder30Days\JobRunnerOnCallResponder30Days.csproj", "{8FE702BB-E9AF-4895-AA6B-70E6EEA85192}"
EndProject
Project("{9A19103F-16F7-4668-BE54-9A1E7A4F7556}") = "JobRunnerPDFLaTeX", "JobRunnerPDFLaTeX\JobRunnerPDFLaTeX.csproj", "{7756A168-EE9A-4F0A-9DE9-621346F38670}"
EndProject
Project("{9A19103F-16F7-4668-BE54-9A1E7A4F7556}") = "JobRunnerProjectsReport", "JobRunnerProjectsReport\JobRunnerProjectsReport.csproj", "{11DA4F84-AB7E-4818-B6FC-06EDC672322B}"
EndProject
Project("{9A19103F-16F7-4668-BE54-9A1E7A4F7556}") = "JobRunnerRecurringTaskScheduler", "JobRunnerRecurringTaskScheduler\JobRunnerRecurringTaskScheduler.csproj", "{F6712BE9-2EB0-4DF5-ABCB-67F4F0FD99B5}"
EndProject
Project("{9A19103F-16F7-4668-BE54-9A1E7A4F7556}") = "JobRunnerRemoveExpiredJobs", "JobRunnerRemoveExpiredJobs\JobRunnerRemoveExpiredJobs.csproj", "{27435338-2698-4162-AE87-C18742B89312}"
EndProject
Project("{9A19103F-16F7-4668-BE54-9A1E7A4F7556}") = "JobRunnerUpdateWebCalFiles", "JobRunnerUpdateWebCalFiles\JobRunnerUpdateWebCalFiles.csproj", "{F901AE76-F647-4FEE-9CAD-C460E247A573}"
EndProject
Project("{9A19103F-16F7-4668-BE54-9A1E7A4F7556}") = "JTokenQueryTest", "JTokenQueryTest\JTokenQueryTest.csproj", "{38ABAB08-B6CD-4283-B2ED-73D54A40DAF0}"
EndProject
Project("{9A19103F-16F7-4668-BE54-9A1E7A4F7556}") = "LaTeXGenerators", "LaTeXGenerators\LaTeXGenerators.csproj", "{1DBF058A-9B70-4E94-870D-CA5DF6EADE2F}"
EndProject
Project("{9A19103F-16F7-4668-BE54-9A1E7A4F7556}") = "LaTeXGeneratorTest", "LaTeXGeneratorTest\LaTeXGeneratorTest.csproj", "{FEEA8EBD-BF68-4DA5-92DD-F9D8E6F8CE79}"
EndProject
Project("{9A19103F-16F7-4668-BE54-9A1E7A4F7556}") = "LinodeAPITest", "LinodeAPITest\LinodeAPITest.csproj", "{8DE401D6-BBD9-41E9-BB27-4BD8E9D4884F}"
EndProject
Project("{9A19103F-16F7-4668-BE54-9A1E7A4F7556}") = "NukeCompany", "NukeCompany\NukeCompany.csproj", "{111294BD-1009-473F-BE77-52AC404ABDE2}"
EndProject
Project("{9A19103F-16F7-4668-BE54-9A1E7A4F7556}") = "OnCallResponderMessageAccess", "OnCallResponderMessageAccess\OnCallResponderMessageAccess.csproj", "{CF2589EA-F71D-42E5-A461-369692D2BABC}"
EndProject
Project("{9A19103F-16F7-4668-BE54-9A1E7A4F7556}") = "SharedCode.ARI", "SharedCode.ARI\SharedCode.ARI.csproj", "{38DB4265-DFB4-4950-91A8-E833B95E452B}"
EndProject
Project("{9A19103F-16F7-4668-BE54-9A1E7A4F7556}") = "SharedCode.Cal", "SharedCode.Cal\SharedCode.Cal.csproj", "{287A6042-1471-4849-9326-0D77A2207889}"
EndProject
Project("{9A19103F-16F7-4668-BE54-9A1E7A4F7556}") = "SharedCode.CORS", "SharedCode.CORS\SharedCode.CORS.csproj", "{1FA9CAC2-FFDE-4AD5-A876-ED5737A85A50}"
EndProject
Project("{9A19103F-16F7-4668-BE54-9A1E7A4F7556}") = "SharedCode.Culture", "SharedCode.Culture\SharedCode.Culture.csproj", "{2D6433A8-39AE-45C5-A301-6CF6E8287EF2}"
EndProject
Project("{9A19103F-16F7-4668-BE54-9A1E7A4F7556}") = "SharedCode.Databases", "SharedCode.Databases\SharedCode.Databases.csproj", "{13735D79-5FB5-4466-B839-E4FE99F82E09}"
EndProject
Project("{9A19103F-16F7-4668-BE54-9A1E7A4F7556}") = "SharedCode.EMail", "SharedCode.EMail\SharedCode.EMail.csproj", "{C7CCF058-2878-4727-8A22-20E65F54D017}"
EndProject
Project("{9A19103F-16F7-4668-BE54-9A1E7A4F7556}") = "SharedCode.Extensions", "SharedCode.Extensions\SharedCode.Extensions.csproj", "{5CC5338B-AFFF-4F18-8A47-E5D6D9973866}"
EndProject
Project("{9A19103F-16F7-4668-BE54-9A1E7A4F7556}") = "SharedCode.Hashes", "SharedCode.Hashes\SharedCode.Hashes.csproj", "{1E0246ED-867F-4ADB-B739-A9E2D627CFA2}"
EndProject
Project("{9A19103F-16F7-4668-BE54-9A1E7A4F7556}") = "SharedCode.Hubs", "SharedCode.Hubs\SharedCode.Hubs.csproj", "{8DFDF083-6C79-4F79-A746-BE541EFCAD18}"
EndProject
Project("{9A19103F-16F7-4668-BE54-9A1E7A4F7556}") = "SharedCode.ISO8601", "SharedCode.ISO8601\SharedCode.ISO8601.csproj", "{F587167C-BB60-499A-833B-D3FD032D9966}"
EndProject
Project("{9A19103F-16F7-4668-BE54-9A1E7A4F7556}") = "SharedCode.Konstants", "SharedCode.Konstants\SharedCode.Konstants.csproj", "{FA1F289E-2E48-4EC7-8D24-62840B6F48B4}"
EndProject
Project("{9A19103F-16F7-4668-BE54-9A1E7A4F7556}") = "SharedCode.Linode", "SharedCode.Linode\SharedCode.Linode.csproj", "{3E332112-3CFC-49C2-9352-0762E54E3B6D}"
EndProject
Project("{9A19103F-16F7-4668-BE54-9A1E7A4F7556}") = "SharedCode.Logging", "SharedCode.Logging\SharedCode.Logging.csproj", "{469EBD68-E328-4C7B-8FA7-7643D0B2C972}"
EndProject
Project("{9A19103F-16F7-4668-BE54-9A1E7A4F7556}") = "SharedCode.OnCallResponder", "SharedCode.OnCallResponder\SharedCode.OnCallResponder.csproj", "{9DD38AF8-387A-4918-9C7F-4AD39F9AC59A}"
EndProject
Project("{9A19103F-16F7-4668-BE54-9A1E7A4F7556}") = "SharedCode.RegexUtils", "SharedCode.Regex\SharedCode.RegexUtils.csproj", "{159CA438-DA68-4D07-B261-F1B87E72994A}"
EndProject
Project("{9A19103F-16F7-4668-BE54-9A1E7A4F7556}") = "SharedCode.S3", "SharedCode.S3\SharedCode.S3.csproj", "{38F478A8-21AE-4319-888B-E8717CF31731}"
EndProject
Project("{9A19103F-16F7-4668-BE54-9A1E7A4F7556}") = "SharedCode.SQLUtility", "SharedCode.SQLUtility\SharedCode.SQLUtility.csproj", "{DC5341AC-2F1A-4991-9811-E578690F2D70}"
EndProject
Project("{9A19103F-16F7-4668-BE54-9A1E7A4F7556}") = "SharedCode.Square", "SharedCode.Square\SharedCode.Square.csproj", "{73537B71-0C7D-4437-B5E6-1244A6B43AF5}"
EndProject
Project("{9A19103F-16F7-4668-BE54-9A1E7A4F7556}") = "SharedCode.TTS", "SharedCode.TTS\SharedCode.TTS.csproj", "{409BABBD-8EDA-40DC-B6EA-EB485EB0BC31}"
EndProject
Project("{9A19103F-16F7-4668-BE54-9A1E7A4F7556}") = "SharedCode.Twilio", "SharedCode.Twilio\SharedCode.Twilio.csproj", "{D714518E-DAAF-470D-AB34-5B86E7DD05B0}"
EndProject
Project("{9A19103F-16F7-4668-BE54-9A1E7A4F7556}") = "SquarePayments", "SquarePayments\SquarePayments.csproj", "{BC5A477D-EC8B-47F1-8D30-29D97A4DF8F4}"
EndProject
Project("{9A19103F-16F7-4668-BE54-9A1E7A4F7556}") = "SquareTest", "SquareTest\SquareTest.csproj", "{6BD9A5B0-6457-4257-8C10-C451B89BA0A3}"
EndProject
Project("{9A19103F-16F7-4668-BE54-9A1E7A4F7556}") = "SSHTest", "SSHTest\SSHTest.csproj", "{6FD4B65E-D65B-4E70-A980-7B8F0CF6C6F7}"
EndProject
Project("{9A19103F-16F7-4668-BE54-9A1E7A4F7556}") = "StringMapReplaceTest", "StringMapReplaceTest\StringMapReplaceTest.csproj", "{C5CD4CB4-42F6-4736-8887-1A6B4732F4B3}"
EndProject
Project("{9A19103F-16F7-4668-BE54-9A1E7A4F7556}") = "TempTest", "TempTest\TempTest.csproj", "{FF53C33A-42C1-465E-9168-C562772EF1AC}"
EndProject
Project("{9A19103F-16F7-4668-BE54-9A1E7A4F7556}") = "TestJSONnetRecords", "TestJSONnetRecords\TestJSONnetRecords.csproj", "{9114805A-1F36-43DA-8207-F6188693E291}"
EndProject
Project("{9A19103F-16F7-4668-BE54-9A1E7A4F7556}") = "TwilioDisasterRecovery", "TwilioDisasterRecovery\TwilioDisasterRecovery.csproj", "{2A613175-816A-47AC-B896-E7B6B3DDDC2B}"
EndProject
Project("{9A19103F-16F7-4668-BE54-9A1E7A4F7556}") = "VerifyDatabase", "VerifyDatabase\VerifyDatabase.csproj", "{C1B50A8A-7C32-4560-99B5-71DB1C262B86}"
EndProject
Global
	GlobalSection(SolutionConfigurationPlatforms) = preSolution
		Debug|Any CPU = Debug|Any CPU
		Release|Any CPU = Release|Any CPU
		Travis|Any CPU = Travis|Any CPU
	EndGlobalSection
	GlobalSection(ProjectConfigurationPlatforms) = postSolution
		{453390AD-0DD4-4B56-B8AF-C22DE4EA6E02}.Debug|Any CPU.ActiveCfg = Debug|Any CPU
		{453390AD-0DD4-4B56-B8AF-C22DE4EA6E02}.Debug|Any CPU.Build.0 = Debug|Any CPU
		{453390AD-0DD4-4B56-B8AF-C22DE4EA6E02}.Release|Any CPU.ActiveCfg = Release|Any CPU
		{453390AD-0DD4-4B56-B8AF-C22DE4EA6E02}.Release|Any CPU.Build.0 = Release|Any CPU
		{453390AD-0DD4-4B56-B8AF-C22DE4EA6E02}.Travis|Any CPU.ActiveCfg = Release|Any CPU
		{453390AD-0DD4-4B56-B8AF-C22DE4EA6E02}.Travis|Any CPU.Build.0 = Release|Any CPU
		{B2012291-4E4E-43A1-834E-513CCFA7ED3E}.Debug|Any CPU.ActiveCfg = Debug|Any CPU
		{B2012291-4E4E-43A1-834E-513CCFA7ED3E}.Debug|Any CPU.Build.0 = Debug|Any CPU
		{B2012291-4E4E-43A1-834E-513CCFA7ED3E}.Release|Any CPU.ActiveCfg = Release|Any CPU
		{B2012291-4E4E-43A1-834E-513CCFA7ED3E}.Release|Any CPU.Build.0 = Release|Any CPU
		{B2012291-4E4E-43A1-834E-513CCFA7ED3E}.Travis|Any CPU.ActiveCfg = Debug|Any CPU
		{B2012291-4E4E-43A1-834E-513CCFA7ED3E}.Travis|Any CPU.Build.0 = Debug|Any CPU
		{9D30CDA2-07D6-400C-9811-6B98314A5A01}.Debug|Any CPU.ActiveCfg = Debug|Any CPU
		{9D30CDA2-07D6-400C-9811-6B98314A5A01}.Debug|Any CPU.Build.0 = Debug|Any CPU
		{9D30CDA2-07D6-400C-9811-6B98314A5A01}.Release|Any CPU.ActiveCfg = Release|Any CPU
		{9D30CDA2-07D6-400C-9811-6B98314A5A01}.Release|Any CPU.Build.0 = Release|Any CPU
		{9D30CDA2-07D6-400C-9811-6B98314A5A01}.Travis|Any CPU.ActiveCfg = Debug|Any CPU
		{9D30CDA2-07D6-400C-9811-6B98314A5A01}.Travis|Any CPU.Build.0 = Debug|Any CPU
		{5EF0959E-B48C-4F6A-8609-9E1C54BD3AAC}.Debug|Any CPU.ActiveCfg = Debug|Any CPU
		{5EF0959E-B48C-4F6A-8609-9E1C54BD3AAC}.Debug|Any CPU.Build.0 = Debug|Any CPU
		{5EF0959E-B48C-4F6A-8609-9E1C54BD3AAC}.Release|Any CPU.ActiveCfg = Release|Any CPU
		{5EF0959E-B48C-4F6A-8609-9E1C54BD3AAC}.Release|Any CPU.Build.0 = Release|Any CPU
		{5EF0959E-B48C-4F6A-8609-9E1C54BD3AAC}.Travis|Any CPU.ActiveCfg = Debug|Any CPU
		{5EF0959E-B48C-4F6A-8609-9E1C54BD3AAC}.Travis|Any CPU.Build.0 = Debug|Any CPU
		{63310295-A6BA-40D2-92E5-7C52A1AAA457}.Debug|Any CPU.ActiveCfg = Debug|Any CPU
		{63310295-A6BA-40D2-92E5-7C52A1AAA457}.Debug|Any CPU.Build.0 = Debug|Any CPU
		{63310295-A6BA-40D2-92E5-7C52A1AAA457}.Release|Any CPU.ActiveCfg = Release|Any CPU
		{63310295-A6BA-40D2-92E5-7C52A1AAA457}.Release|Any CPU.Build.0 = Release|Any CPU
		{63310295-A6BA-40D2-92E5-7C52A1AAA457}.Travis|Any CPU.ActiveCfg = Travis|Any CPU
		{63310295-A6BA-40D2-92E5-7C52A1AAA457}.Travis|Any CPU.Build.0 = Travis|Any CPU
		{B82B8EBF-8180-401D-8D3A-4BF7CFDB7A08}.Debug|Any CPU.ActiveCfg = Debug|Any CPU
		{B82B8EBF-8180-401D-8D3A-4BF7CFDB7A08}.Debug|Any CPU.Build.0 = Debug|Any CPU
		{B82B8EBF-8180-401D-8D3A-4BF7CFDB7A08}.Release|Any CPU.ActiveCfg = Release|Any CPU
		{B82B8EBF-8180-401D-8D3A-4BF7CFDB7A08}.Release|Any CPU.Build.0 = Release|Any CPU
		{B82B8EBF-8180-401D-8D3A-4BF7CFDB7A08}.Travis|Any CPU.ActiveCfg = Travis|Any CPU
		{B82B8EBF-8180-401D-8D3A-4BF7CFDB7A08}.Travis|Any CPU.Build.0 = Travis|Any CPU
		{C27AD7D5-ACE2-46F8-AE16-43315BBF587F}.Debug|Any CPU.ActiveCfg = Debug|Any CPU
		{C27AD7D5-ACE2-46F8-AE16-43315BBF587F}.Debug|Any CPU.Build.0 = Debug|Any CPU
		{C27AD7D5-ACE2-46F8-AE16-43315BBF587F}.Release|Any CPU.ActiveCfg = Release|Any CPU
		{C27AD7D5-ACE2-46F8-AE16-43315BBF587F}.Release|Any CPU.Build.0 = Release|Any CPU
		{C27AD7D5-ACE2-46F8-AE16-43315BBF587F}.Travis|Any CPU.ActiveCfg = Debug|Any CPU
		{C27AD7D5-ACE2-46F8-AE16-43315BBF587F}.Travis|Any CPU.Build.0 = Debug|Any CPU
		{E5ABCD75-B4EA-4AB4-9D43-0055BCBD92BF}.Debug|Any CPU.ActiveCfg = Debug|Any CPU
		{E5ABCD75-B4EA-4AB4-9D43-0055BCBD92BF}.Debug|Any CPU.Build.0 = Debug|Any CPU
		{E5ABCD75-B4EA-4AB4-9D43-0055BCBD92BF}.Release|Any CPU.ActiveCfg = Release|Any CPU
		{E5ABCD75-B4EA-4AB4-9D43-0055BCBD92BF}.Release|Any CPU.Build.0 = Release|Any CPU
		{E5ABCD75-B4EA-4AB4-9D43-0055BCBD92BF}.Travis|Any CPU.ActiveCfg = Debug|Any CPU
		{E5ABCD75-B4EA-4AB4-9D43-0055BCBD92BF}.Travis|Any CPU.Build.0 = Debug|Any CPU
		{2F33C829-979F-4390-B1C5-B9D3D39ECF98}.Debug|Any CPU.ActiveCfg = Debug|Any CPU
		{2F33C829-979F-4390-B1C5-B9D3D39ECF98}.Debug|Any CPU.Build.0 = Debug|Any CPU
		{2F33C829-979F-4390-B1C5-B9D3D39ECF98}.Release|Any CPU.ActiveCfg = Release|Any CPU
		{2F33C829-979F-4390-B1C5-B9D3D39ECF98}.Release|Any CPU.Build.0 = Release|Any CPU
		{2F33C829-979F-4390-B1C5-B9D3D39ECF98}.Travis|Any CPU.ActiveCfg = Debug|Any CPU
		{2F33C829-979F-4390-B1C5-B9D3D39ECF98}.Travis|Any CPU.Build.0 = Debug|Any CPU
		{FAC08E78-54A0-45D2-BF52-E92695688EFA}.Debug|Any CPU.ActiveCfg = Debug|Any CPU
		{FAC08E78-54A0-45D2-BF52-E92695688EFA}.Debug|Any CPU.Build.0 = Debug|Any CPU
		{FAC08E78-54A0-45D2-BF52-E92695688EFA}.Release|Any CPU.ActiveCfg = Release|Any CPU
		{FAC08E78-54A0-45D2-BF52-E92695688EFA}.Release|Any CPU.Build.0 = Release|Any CPU
		{FAC08E78-54A0-45D2-BF52-E92695688EFA}.Travis|Any CPU.ActiveCfg = Debug|Any CPU
		{FAC08E78-54A0-45D2-BF52-E92695688EFA}.Travis|Any CPU.Build.0 = Debug|Any CPU
		{A4CCA6F8-9610-4378-9C9D-E21D5AE8EC8B}.Debug|Any CPU.ActiveCfg = Debug|Any CPU
		{A4CCA6F8-9610-4378-9C9D-E21D5AE8EC8B}.Debug|Any CPU.Build.0 = Debug|Any CPU
		{A4CCA6F8-9610-4378-9C9D-E21D5AE8EC8B}.Release|Any CPU.ActiveCfg = Release|Any CPU
		{A4CCA6F8-9610-4378-9C9D-E21D5AE8EC8B}.Release|Any CPU.Build.0 = Release|Any CPU
		{A4CCA6F8-9610-4378-9C9D-E21D5AE8EC8B}.Travis|Any CPU.ActiveCfg = Debug|Any CPU
		{A4CCA6F8-9610-4378-9C9D-E21D5AE8EC8B}.Travis|Any CPU.Build.0 = Debug|Any CPU
		{B9085554-185C-48E6-935D-7C2846068F5A}.Debug|Any CPU.ActiveCfg = Debug|Any CPU
		{B9085554-185C-48E6-935D-7C2846068F5A}.Debug|Any CPU.Build.0 = Debug|Any CPU
		{B9085554-185C-48E6-935D-7C2846068F5A}.Release|Any CPU.ActiveCfg = Release|Any CPU
		{B9085554-185C-48E6-935D-7C2846068F5A}.Release|Any CPU.Build.0 = Release|Any CPU
		{B9085554-185C-48E6-935D-7C2846068F5A}.Travis|Any CPU.ActiveCfg = Debug|Any CPU
		{B9085554-185C-48E6-935D-7C2846068F5A}.Travis|Any CPU.Build.0 = Debug|Any CPU
		{1B889B56-EDF0-4C88-A315-29CBFB647B74}.Debug|Any CPU.ActiveCfg = Debug|Any CPU
		{1B889B56-EDF0-4C88-A315-29CBFB647B74}.Debug|Any CPU.Build.0 = Debug|Any CPU
		{1B889B56-EDF0-4C88-A315-29CBFB647B74}.Release|Any CPU.ActiveCfg = Release|Any CPU
		{1B889B56-EDF0-4C88-A315-29CBFB647B74}.Release|Any CPU.Build.0 = Release|Any CPU
		{1B889B56-EDF0-4C88-A315-29CBFB647B74}.Travis|Any CPU.ActiveCfg = Debug|Any CPU
		{1B889B56-EDF0-4C88-A315-29CBFB647B74}.Travis|Any CPU.Build.0 = Debug|Any CPU
		{9243DD31-2CAD-4AA4-AD67-3DDC29621071}.Debug|Any CPU.ActiveCfg = Debug|Any CPU
		{9243DD31-2CAD-4AA4-AD67-3DDC29621071}.Debug|Any CPU.Build.0 = Debug|Any CPU
		{9243DD31-2CAD-4AA4-AD67-3DDC29621071}.Release|Any CPU.ActiveCfg = Release|Any CPU
		{9243DD31-2CAD-4AA4-AD67-3DDC29621071}.Release|Any CPU.Build.0 = Release|Any CPU
		{9243DD31-2CAD-4AA4-AD67-3DDC29621071}.Travis|Any CPU.ActiveCfg = Debug|Any CPU
		{9243DD31-2CAD-4AA4-AD67-3DDC29621071}.Travis|Any CPU.Build.0 = Debug|Any CPU
		{B96B6C84-B3C7-4AF4-B9F6-2FE4937A6B09}.Debug|Any CPU.ActiveCfg = Debug|Any CPU
		{B96B6C84-B3C7-4AF4-B9F6-2FE4937A6B09}.Debug|Any CPU.Build.0 = Debug|Any CPU
		{B96B6C84-B3C7-4AF4-B9F6-2FE4937A6B09}.Release|Any CPU.ActiveCfg = Release|Any CPU
		{B96B6C84-B3C7-4AF4-B9F6-2FE4937A6B09}.Release|Any CPU.Build.0 = Release|Any CPU
		{B96B6C84-B3C7-4AF4-B9F6-2FE4937A6B09}.Travis|Any CPU.ActiveCfg = Debug|Any CPU
		{B96B6C84-B3C7-4AF4-B9F6-2FE4937A6B09}.Travis|Any CPU.Build.0 = Debug|Any CPU
		{ED82DB20-7BC7-48CB-A7AE-77040648C1A0}.Debug|Any CPU.ActiveCfg = Debug|Any CPU
		{ED82DB20-7BC7-48CB-A7AE-77040648C1A0}.Debug|Any CPU.Build.0 = Debug|Any CPU
		{ED82DB20-7BC7-48CB-A7AE-77040648C1A0}.Release|Any CPU.ActiveCfg = Release|Any CPU
		{ED82DB20-7BC7-48CB-A7AE-77040648C1A0}.Release|Any CPU.Build.0 = Release|Any CPU
		{ED82DB20-7BC7-48CB-A7AE-77040648C1A0}.Travis|Any CPU.ActiveCfg = Debug|Any CPU
		{ED82DB20-7BC7-48CB-A7AE-77040648C1A0}.Travis|Any CPU.Build.0 = Debug|Any CPU
		{90400333-D639-4303-B8F4-DBE0DA5D379D}.Debug|Any CPU.ActiveCfg = Debug|Any CPU
		{90400333-D639-4303-B8F4-DBE0DA5D379D}.Debug|Any CPU.Build.0 = Debug|Any CPU
		{90400333-D639-4303-B8F4-DBE0DA5D379D}.Release|Any CPU.ActiveCfg = Release|Any CPU
		{90400333-D639-4303-B8F4-DBE0DA5D379D}.Release|Any CPU.Build.0 = Release|Any CPU
		{90400333-D639-4303-B8F4-DBE0DA5D379D}.Travis|Any CPU.ActiveCfg = Debug|Any CPU
		{90400333-D639-4303-B8F4-DBE0DA5D379D}.Travis|Any CPU.Build.0 = Debug|Any CPU
		{61F7FF4F-C1C2-4C18-9E7F-41D98383F9AE}.Debug|Any CPU.ActiveCfg = Debug|Any CPU
		{61F7FF4F-C1C2-4C18-9E7F-41D98383F9AE}.Debug|Any CPU.Build.0 = Debug|Any CPU
		{61F7FF4F-C1C2-4C18-9E7F-41D98383F9AE}.Release|Any CPU.ActiveCfg = Release|Any CPU
		{61F7FF4F-C1C2-4C18-9E7F-41D98383F9AE}.Release|Any CPU.Build.0 = Release|Any CPU
		{61F7FF4F-C1C2-4C18-9E7F-41D98383F9AE}.Travis|Any CPU.ActiveCfg = Debug|Any CPU
		{61F7FF4F-C1C2-4C18-9E7F-41D98383F9AE}.Travis|Any CPU.Build.0 = Debug|Any CPU
		{4009E8FB-5B34-45BF-95BB-E5EF78E4B6C4}.Debug|Any CPU.ActiveCfg = Debug|Any CPU
		{4009E8FB-5B34-45BF-95BB-E5EF78E4B6C4}.Debug|Any CPU.Build.0 = Debug|Any CPU
		{4009E8FB-5B34-45BF-95BB-E5EF78E4B6C4}.Release|Any CPU.ActiveCfg = Release|Any CPU
		{4009E8FB-5B34-45BF-95BB-E5EF78E4B6C4}.Release|Any CPU.Build.0 = Release|Any CPU
		{4009E8FB-5B34-45BF-95BB-E5EF78E4B6C4}.Travis|Any CPU.ActiveCfg = Debug|Any CPU
		{4009E8FB-5B34-45BF-95BB-E5EF78E4B6C4}.Travis|Any CPU.Build.0 = Debug|Any CPU
		{FFC8F524-0540-4030-A42D-96084056286D}.Debug|Any CPU.ActiveCfg = Debug|Any CPU
		{FFC8F524-0540-4030-A42D-96084056286D}.Debug|Any CPU.Build.0 = Debug|Any CPU
		{FFC8F524-0540-4030-A42D-96084056286D}.Release|Any CPU.ActiveCfg = Release|Any CPU
		{FFC8F524-0540-4030-A42D-96084056286D}.Release|Any CPU.Build.0 = Release|Any CPU
		{FFC8F524-0540-4030-A42D-96084056286D}.Travis|Any CPU.ActiveCfg = Debug|Any CPU
		{FFC8F524-0540-4030-A42D-96084056286D}.Travis|Any CPU.Build.0 = Debug|Any CPU
		{4E7FC2B9-E105-433A-968D-A2B8C2CB6CE9}.Debug|Any CPU.ActiveCfg = Debug|Any CPU
		{4E7FC2B9-E105-433A-968D-A2B8C2CB6CE9}.Debug|Any CPU.Build.0 = Debug|Any CPU
		{4E7FC2B9-E105-433A-968D-A2B8C2CB6CE9}.Release|Any CPU.ActiveCfg = Release|Any CPU
		{4E7FC2B9-E105-433A-968D-A2B8C2CB6CE9}.Release|Any CPU.Build.0 = Release|Any CPU
		{4E7FC2B9-E105-433A-968D-A2B8C2CB6CE9}.Travis|Any CPU.ActiveCfg = Debug|Any CPU
		{4E7FC2B9-E105-433A-968D-A2B8C2CB6CE9}.Travis|Any CPU.Build.0 = Debug|Any CPU
		{D8860170-06B1-4FCC-A172-B745B58938A8}.Debug|Any CPU.ActiveCfg = Debug|Any CPU
		{D8860170-06B1-4FCC-A172-B745B58938A8}.Debug|Any CPU.Build.0 = Debug|Any CPU
		{D8860170-06B1-4FCC-A172-B745B58938A8}.Release|Any CPU.ActiveCfg = Release|Any CPU
		{D8860170-06B1-4FCC-A172-B745B58938A8}.Release|Any CPU.Build.0 = Release|Any CPU
		{D8860170-06B1-4FCC-A172-B745B58938A8}.Travis|Any CPU.ActiveCfg = Debug|Any CPU
		{D8860170-06B1-4FCC-A172-B745B58938A8}.Travis|Any CPU.Build.0 = Debug|Any CPU
		{7C8F40CF-84FD-44ED-AFB2-5D303FDD1CCF}.Debug|Any CPU.ActiveCfg = Debug|Any CPU
		{7C8F40CF-84FD-44ED-AFB2-5D303FDD1CCF}.Debug|Any CPU.Build.0 = Debug|Any CPU
		{7C8F40CF-84FD-44ED-AFB2-5D303FDD1CCF}.Release|Any CPU.ActiveCfg = Release|Any CPU
		{7C8F40CF-84FD-44ED-AFB2-5D303FDD1CCF}.Release|Any CPU.Build.0 = Release|Any CPU
		{7C8F40CF-84FD-44ED-AFB2-5D303FDD1CCF}.Travis|Any CPU.ActiveCfg = Debug|Any CPU
		{7C8F40CF-84FD-44ED-AFB2-5D303FDD1CCF}.Travis|Any CPU.Build.0 = Debug|Any CPU
		{613917E5-1419-4F17-AD1B-E8A2E4421A42}.Debug|Any CPU.ActiveCfg = Debug|Any CPU
		{613917E5-1419-4F17-AD1B-E8A2E4421A42}.Debug|Any CPU.Build.0 = Debug|Any CPU
		{613917E5-1419-4F17-AD1B-E8A2E4421A42}.Release|Any CPU.ActiveCfg = Release|Any CPU
		{613917E5-1419-4F17-AD1B-E8A2E4421A42}.Release|Any CPU.Build.0 = Release|Any CPU
		{613917E5-1419-4F17-AD1B-E8A2E4421A42}.Travis|Any CPU.ActiveCfg = Debug|Any CPU
		{613917E5-1419-4F17-AD1B-E8A2E4421A42}.Travis|Any CPU.Build.0 = Debug|Any CPU
		{8FE702BB-E9AF-4895-AA6B-70E6EEA85192}.Debug|Any CPU.ActiveCfg = Debug|Any CPU
		{8FE702BB-E9AF-4895-AA6B-70E6EEA85192}.Debug|Any CPU.Build.0 = Debug|Any CPU
		{8FE702BB-E9AF-4895-AA6B-70E6EEA85192}.Release|Any CPU.ActiveCfg = Release|Any CPU
		{8FE702BB-E9AF-4895-AA6B-70E6EEA85192}.Release|Any CPU.Build.0 = Release|Any CPU
		{8FE702BB-E9AF-4895-AA6B-70E6EEA85192}.Travis|Any CPU.ActiveCfg = Debug|Any CPU
		{8FE702BB-E9AF-4895-AA6B-70E6EEA85192}.Travis|Any CPU.Build.0 = Debug|Any CPU
		{7756A168-EE9A-4F0A-9DE9-621346F38670}.Debug|Any CPU.ActiveCfg = Debug|Any CPU
		{7756A168-EE9A-4F0A-9DE9-621346F38670}.Debug|Any CPU.Build.0 = Debug|Any CPU
		{7756A168-EE9A-4F0A-9DE9-621346F38670}.Release|Any CPU.ActiveCfg = Release|Any CPU
		{7756A168-EE9A-4F0A-9DE9-621346F38670}.Release|Any CPU.Build.0 = Release|Any CPU
		{7756A168-EE9A-4F0A-9DE9-621346F38670}.Travis|Any CPU.ActiveCfg = Debug|Any CPU
		{7756A168-EE9A-4F0A-9DE9-621346F38670}.Travis|Any CPU.Build.0 = Debug|Any CPU
		{11DA4F84-AB7E-4818-B6FC-06EDC672322B}.Debug|Any CPU.ActiveCfg = Debug|Any CPU
		{11DA4F84-AB7E-4818-B6FC-06EDC672322B}.Debug|Any CPU.Build.0 = Debug|Any CPU
		{11DA4F84-AB7E-4818-B6FC-06EDC672322B}.Release|Any CPU.ActiveCfg = Release|Any CPU
		{11DA4F84-AB7E-4818-B6FC-06EDC672322B}.Release|Any CPU.Build.0 = Release|Any CPU
		{11DA4F84-AB7E-4818-B6FC-06EDC672322B}.Travis|Any CPU.ActiveCfg = Debug|Any CPU
		{11DA4F84-AB7E-4818-B6FC-06EDC672322B}.Travis|Any CPU.Build.0 = Debug|Any CPU
		{F6712BE9-2EB0-4DF5-ABCB-67F4F0FD99B5}.Debug|Any CPU.ActiveCfg = Debug|Any CPU
		{F6712BE9-2EB0-4DF5-ABCB-67F4F0FD99B5}.Debug|Any CPU.Build.0 = Debug|Any CPU
		{F6712BE9-2EB0-4DF5-ABCB-67F4F0FD99B5}.Release|Any CPU.ActiveCfg = Release|Any CPU
		{F6712BE9-2EB0-4DF5-ABCB-67F4F0FD99B5}.Release|Any CPU.Build.0 = Release|Any CPU
		{F6712BE9-2EB0-4DF5-ABCB-67F4F0FD99B5}.Travis|Any CPU.ActiveCfg = Debug|Any CPU
		{F6712BE9-2EB0-4DF5-ABCB-67F4F0FD99B5}.Travis|Any CPU.Build.0 = Debug|Any CPU
		{27435338-2698-4162-AE87-C18742B89312}.Debug|Any CPU.ActiveCfg = Debug|Any CPU
		{27435338-2698-4162-AE87-C18742B89312}.Debug|Any CPU.Build.0 = Debug|Any CPU
		{27435338-2698-4162-AE87-C18742B89312}.Release|Any CPU.ActiveCfg = Release|Any CPU
		{27435338-2698-4162-AE87-C18742B89312}.Release|Any CPU.Build.0 = Release|Any CPU
		{27435338-2698-4162-AE87-C18742B89312}.Travis|Any CPU.ActiveCfg = Debug|Any CPU
		{27435338-2698-4162-AE87-C18742B89312}.Travis|Any CPU.Build.0 = Debug|Any CPU
		{F901AE76-F647-4FEE-9CAD-C460E247A573}.Debug|Any CPU.ActiveCfg = Debug|Any CPU
		{F901AE76-F647-4FEE-9CAD-C460E247A573}.Debug|Any CPU.Build.0 = Debug|Any CPU
		{F901AE76-F647-4FEE-9CAD-C460E247A573}.Release|Any CPU.ActiveCfg = Release|Any CPU
		{F901AE76-F647-4FEE-9CAD-C460E247A573}.Release|Any CPU.Build.0 = Release|Any CPU
		{F901AE76-F647-4FEE-9CAD-C460E247A573}.Travis|Any CPU.ActiveCfg = Debug|Any CPU
		{F901AE76-F647-4FEE-9CAD-C460E247A573}.Travis|Any CPU.Build.0 = Debug|Any CPU
		{38ABAB08-B6CD-4283-B2ED-73D54A40DAF0}.Debug|Any CPU.ActiveCfg = Debug|Any CPU
		{38ABAB08-B6CD-4283-B2ED-73D54A40DAF0}.Debug|Any CPU.Build.0 = Debug|Any CPU
		{38ABAB08-B6CD-4283-B2ED-73D54A40DAF0}.Release|Any CPU.ActiveCfg = Release|Any CPU
		{38ABAB08-B6CD-4283-B2ED-73D54A40DAF0}.Release|Any CPU.Build.0 = Release|Any CPU
		{38ABAB08-B6CD-4283-B2ED-73D54A40DAF0}.Travis|Any CPU.ActiveCfg = Debug|Any CPU
		{38ABAB08-B6CD-4283-B2ED-73D54A40DAF0}.Travis|Any CPU.Build.0 = Debug|Any CPU
		{1DBF058A-9B70-4E94-870D-CA5DF6EADE2F}.Debug|Any CPU.ActiveCfg = Debug|Any CPU
		{1DBF058A-9B70-4E94-870D-CA5DF6EADE2F}.Debug|Any CPU.Build.0 = Debug|Any CPU
		{1DBF058A-9B70-4E94-870D-CA5DF6EADE2F}.Release|Any CPU.ActiveCfg = Release|Any CPU
		{1DBF058A-9B70-4E94-870D-CA5DF6EADE2F}.Release|Any CPU.Build.0 = Release|Any CPU
		{1DBF058A-9B70-4E94-870D-CA5DF6EADE2F}.Travis|Any CPU.ActiveCfg = Debug|Any CPU
		{1DBF058A-9B70-4E94-870D-CA5DF6EADE2F}.Travis|Any CPU.Build.0 = Debug|Any CPU
		{FEEA8EBD-BF68-4DA5-92DD-F9D8E6F8CE79}.Debug|Any CPU.ActiveCfg = Debug|Any CPU
		{FEEA8EBD-BF68-4DA5-92DD-F9D8E6F8CE79}.Debug|Any CPU.Build.0 = Debug|Any CPU
		{FEEA8EBD-BF68-4DA5-92DD-F9D8E6F8CE79}.Release|Any CPU.ActiveCfg = Release|Any CPU
		{FEEA8EBD-BF68-4DA5-92DD-F9D8E6F8CE79}.Release|Any CPU.Build.0 = Release|Any CPU
		{FEEA8EBD-BF68-4DA5-92DD-F9D8E6F8CE79}.Travis|Any CPU.ActiveCfg = Debug|Any CPU
		{FEEA8EBD-BF68-4DA5-92DD-F9D8E6F8CE79}.Travis|Any CPU.Build.0 = Debug|Any CPU
		{8DE401D6-BBD9-41E9-BB27-4BD8E9D4884F}.Debug|Any CPU.ActiveCfg = Debug|Any CPU
		{8DE401D6-BBD9-41E9-BB27-4BD8E9D4884F}.Debug|Any CPU.Build.0 = Debug|Any CPU
		{8DE401D6-BBD9-41E9-BB27-4BD8E9D4884F}.Release|Any CPU.ActiveCfg = Release|Any CPU
		{8DE401D6-BBD9-41E9-BB27-4BD8E9D4884F}.Release|Any CPU.Build.0 = Release|Any CPU
		{8DE401D6-BBD9-41E9-BB27-4BD8E9D4884F}.Travis|Any CPU.ActiveCfg = Debug|Any CPU
		{8DE401D6-BBD9-41E9-BB27-4BD8E9D4884F}.Travis|Any CPU.Build.0 = Debug|Any CPU
		{111294BD-1009-473F-BE77-52AC404ABDE2}.Debug|Any CPU.ActiveCfg = Debug|Any CPU
		{111294BD-1009-473F-BE77-52AC404ABDE2}.Debug|Any CPU.Build.0 = Debug|Any CPU
		{111294BD-1009-473F-BE77-52AC404ABDE2}.Release|Any CPU.ActiveCfg = Release|Any CPU
		{111294BD-1009-473F-BE77-52AC404ABDE2}.Release|Any CPU.Build.0 = Release|Any CPU
		{111294BD-1009-473F-BE77-52AC404ABDE2}.Travis|Any CPU.ActiveCfg = Debug|Any CPU
		{111294BD-1009-473F-BE77-52AC404ABDE2}.Travis|Any CPU.Build.0 = Debug|Any CPU
		{CF2589EA-F71D-42E5-A461-369692D2BABC}.Debug|Any CPU.ActiveCfg = Debug|Any CPU
		{CF2589EA-F71D-42E5-A461-369692D2BABC}.Debug|Any CPU.Build.0 = Debug|Any CPU
		{CF2589EA-F71D-42E5-A461-369692D2BABC}.Release|Any CPU.ActiveCfg = Release|Any CPU
		{CF2589EA-F71D-42E5-A461-369692D2BABC}.Release|Any CPU.Build.0 = Release|Any CPU
		{CF2589EA-F71D-42E5-A461-369692D2BABC}.Travis|Any CPU.ActiveCfg = Debug|Any CPU
		{CF2589EA-F71D-42E5-A461-369692D2BABC}.Travis|Any CPU.Build.0 = Debug|Any CPU
		{38DB4265-DFB4-4950-91A8-E833B95E452B}.Debug|Any CPU.ActiveCfg = Debug|Any CPU
		{38DB4265-DFB4-4950-91A8-E833B95E452B}.Debug|Any CPU.Build.0 = Debug|Any CPU
		{38DB4265-DFB4-4950-91A8-E833B95E452B}.Release|Any CPU.ActiveCfg = Release|Any CPU
		{38DB4265-DFB4-4950-91A8-E833B95E452B}.Release|Any CPU.Build.0 = Release|Any CPU
		{38DB4265-DFB4-4950-91A8-E833B95E452B}.Travis|Any CPU.ActiveCfg = Debug|Any CPU
		{38DB4265-DFB4-4950-91A8-E833B95E452B}.Travis|Any CPU.Build.0 = Debug|Any CPU
		{287A6042-1471-4849-9326-0D77A2207889}.Debug|Any CPU.ActiveCfg = Debug|Any CPU
		{287A6042-1471-4849-9326-0D77A2207889}.Debug|Any CPU.Build.0 = Debug|Any CPU
		{287A6042-1471-4849-9326-0D77A2207889}.Release|Any CPU.ActiveCfg = Release|Any CPU
		{287A6042-1471-4849-9326-0D77A2207889}.Release|Any CPU.Build.0 = Release|Any CPU
		{287A6042-1471-4849-9326-0D77A2207889}.Travis|Any CPU.ActiveCfg = Debug|Any CPU
		{287A6042-1471-4849-9326-0D77A2207889}.Travis|Any CPU.Build.0 = Debug|Any CPU
		{1FA9CAC2-FFDE-4AD5-A876-ED5737A85A50}.Debug|Any CPU.ActiveCfg = Debug|Any CPU
		{1FA9CAC2-FFDE-4AD5-A876-ED5737A85A50}.Debug|Any CPU.Build.0 = Debug|Any CPU
		{1FA9CAC2-FFDE-4AD5-A876-ED5737A85A50}.Release|Any CPU.ActiveCfg = Release|Any CPU
		{1FA9CAC2-FFDE-4AD5-A876-ED5737A85A50}.Release|Any CPU.Build.0 = Release|Any CPU
		{1FA9CAC2-FFDE-4AD5-A876-ED5737A85A50}.Travis|Any CPU.ActiveCfg = Debug|Any CPU
		{1FA9CAC2-FFDE-4AD5-A876-ED5737A85A50}.Travis|Any CPU.Build.0 = Debug|Any CPU
		{2D6433A8-39AE-45C5-A301-6CF6E8287EF2}.Debug|Any CPU.ActiveCfg = Debug|Any CPU
		{2D6433A8-39AE-45C5-A301-6CF6E8287EF2}.Debug|Any CPU.Build.0 = Debug|Any CPU
		{2D6433A8-39AE-45C5-A301-6CF6E8287EF2}.Release|Any CPU.ActiveCfg = Release|Any CPU
		{2D6433A8-39AE-45C5-A301-6CF6E8287EF2}.Release|Any CPU.Build.0 = Release|Any CPU
		{2D6433A8-39AE-45C5-A301-6CF6E8287EF2}.Travis|Any CPU.ActiveCfg = Debug|Any CPU
		{2D6433A8-39AE-45C5-A301-6CF6E8287EF2}.Travis|Any CPU.Build.0 = Debug|Any CPU
		{13735D79-5FB5-4466-B839-E4FE99F82E09}.Debug|Any CPU.ActiveCfg = Debug|Any CPU
		{13735D79-5FB5-4466-B839-E4FE99F82E09}.Debug|Any CPU.Build.0 = Debug|Any CPU
		{13735D79-5FB5-4466-B839-E4FE99F82E09}.Release|Any CPU.ActiveCfg = Release|Any CPU
		{13735D79-5FB5-4466-B839-E4FE99F82E09}.Release|Any CPU.Build.0 = Release|Any CPU
		{13735D79-5FB5-4466-B839-E4FE99F82E09}.Travis|Any CPU.ActiveCfg = Debug|Any CPU
		{13735D79-5FB5-4466-B839-E4FE99F82E09}.Travis|Any CPU.Build.0 = Debug|Any CPU
		{C7CCF058-2878-4727-8A22-20E65F54D017}.Debug|Any CPU.ActiveCfg = Debug|Any CPU
		{C7CCF058-2878-4727-8A22-20E65F54D017}.Debug|Any CPU.Build.0 = Debug|Any CPU
		{C7CCF058-2878-4727-8A22-20E65F54D017}.Release|Any CPU.ActiveCfg = Release|Any CPU
		{C7CCF058-2878-4727-8A22-20E65F54D017}.Release|Any CPU.Build.0 = Release|Any CPU
		{C7CCF058-2878-4727-8A22-20E65F54D017}.Travis|Any CPU.ActiveCfg = Debug|Any CPU
		{C7CCF058-2878-4727-8A22-20E65F54D017}.Travis|Any CPU.Build.0 = Debug|Any CPU
		{5CC5338B-AFFF-4F18-8A47-E5D6D9973866}.Debug|Any CPU.ActiveCfg = Debug|Any CPU
		{5CC5338B-AFFF-4F18-8A47-E5D6D9973866}.Debug|Any CPU.Build.0 = Debug|Any CPU
		{5CC5338B-AFFF-4F18-8A47-E5D6D9973866}.Release|Any CPU.ActiveCfg = Release|Any CPU
		{5CC5338B-AFFF-4F18-8A47-E5D6D9973866}.Release|Any CPU.Build.0 = Release|Any CPU
		{5CC5338B-AFFF-4F18-8A47-E5D6D9973866}.Travis|Any CPU.ActiveCfg = Debug|Any CPU
		{5CC5338B-AFFF-4F18-8A47-E5D6D9973866}.Travis|Any CPU.Build.0 = Debug|Any CPU
		{1E0246ED-867F-4ADB-B739-A9E2D627CFA2}.Debug|Any CPU.ActiveCfg = Debug|Any CPU
		{1E0246ED-867F-4ADB-B739-A9E2D627CFA2}.Debug|Any CPU.Build.0 = Debug|Any CPU
		{1E0246ED-867F-4ADB-B739-A9E2D627CFA2}.Release|Any CPU.ActiveCfg = Release|Any CPU
		{1E0246ED-867F-4ADB-B739-A9E2D627CFA2}.Release|Any CPU.Build.0 = Release|Any CPU
		{1E0246ED-867F-4ADB-B739-A9E2D627CFA2}.Travis|Any CPU.ActiveCfg = Debug|Any CPU
		{1E0246ED-867F-4ADB-B739-A9E2D627CFA2}.Travis|Any CPU.Build.0 = Debug|Any CPU
		{8DFDF083-6C79-4F79-A746-BE541EFCAD18}.Debug|Any CPU.ActiveCfg = Debug|Any CPU
		{8DFDF083-6C79-4F79-A746-BE541EFCAD18}.Debug|Any CPU.Build.0 = Debug|Any CPU
		{8DFDF083-6C79-4F79-A746-BE541EFCAD18}.Release|Any CPU.ActiveCfg = Release|Any CPU
		{8DFDF083-6C79-4F79-A746-BE541EFCAD18}.Release|Any CPU.Build.0 = Release|Any CPU
		{8DFDF083-6C79-4F79-A746-BE541EFCAD18}.Travis|Any CPU.ActiveCfg = Debug|Any CPU
		{8DFDF083-6C79-4F79-A746-BE541EFCAD18}.Travis|Any CPU.Build.0 = Debug|Any CPU
		{F587167C-BB60-499A-833B-D3FD032D9966}.Debug|Any CPU.ActiveCfg = Debug|Any CPU
		{F587167C-BB60-499A-833B-D3FD032D9966}.Debug|Any CPU.Build.0 = Debug|Any CPU
		{F587167C-BB60-499A-833B-D3FD032D9966}.Release|Any CPU.ActiveCfg = Release|Any CPU
		{F587167C-BB60-499A-833B-D3FD032D9966}.Release|Any CPU.Build.0 = Release|Any CPU
		{F587167C-BB60-499A-833B-D3FD032D9966}.Travis|Any CPU.ActiveCfg = Debug|Any CPU
		{F587167C-BB60-499A-833B-D3FD032D9966}.Travis|Any CPU.Build.0 = Debug|Any CPU
		{FA1F289E-2E48-4EC7-8D24-62840B6F48B4}.Debug|Any CPU.ActiveCfg = Debug|Any CPU
		{FA1F289E-2E48-4EC7-8D24-62840B6F48B4}.Debug|Any CPU.Build.0 = Debug|Any CPU
		{FA1F289E-2E48-4EC7-8D24-62840B6F48B4}.Release|Any CPU.ActiveCfg = Release|Any CPU
		{FA1F289E-2E48-4EC7-8D24-62840B6F48B4}.Release|Any CPU.Build.0 = Release|Any CPU
		{FA1F289E-2E48-4EC7-8D24-62840B6F48B4}.Travis|Any CPU.ActiveCfg = Debug|Any CPU
		{FA1F289E-2E48-4EC7-8D24-62840B6F48B4}.Travis|Any CPU.Build.0 = Debug|Any CPU
		{3E332112-3CFC-49C2-9352-0762E54E3B6D}.Debug|Any CPU.ActiveCfg = Debug|Any CPU
		{3E332112-3CFC-49C2-9352-0762E54E3B6D}.Debug|Any CPU.Build.0 = Debug|Any CPU
		{3E332112-3CFC-49C2-9352-0762E54E3B6D}.Release|Any CPU.ActiveCfg = Release|Any CPU
		{3E332112-3CFC-49C2-9352-0762E54E3B6D}.Release|Any CPU.Build.0 = Release|Any CPU
		{3E332112-3CFC-49C2-9352-0762E54E3B6D}.Travis|Any CPU.ActiveCfg = Debug|Any CPU
		{3E332112-3CFC-49C2-9352-0762E54E3B6D}.Travis|Any CPU.Build.0 = Debug|Any CPU
		{469EBD68-E328-4C7B-8FA7-7643D0B2C972}.Debug|Any CPU.ActiveCfg = Debug|Any CPU
		{469EBD68-E328-4C7B-8FA7-7643D0B2C972}.Debug|Any CPU.Build.0 = Debug|Any CPU
		{469EBD68-E328-4C7B-8FA7-7643D0B2C972}.Release|Any CPU.ActiveCfg = Release|Any CPU
		{469EBD68-E328-4C7B-8FA7-7643D0B2C972}.Release|Any CPU.Build.0 = Release|Any CPU
		{469EBD68-E328-4C7B-8FA7-7643D0B2C972}.Travis|Any CPU.ActiveCfg = Debug|Any CPU
		{469EBD68-E328-4C7B-8FA7-7643D0B2C972}.Travis|Any CPU.Build.0 = Debug|Any CPU
		{9DD38AF8-387A-4918-9C7F-4AD39F9AC59A}.Debug|Any CPU.ActiveCfg = Debug|Any CPU
		{9DD38AF8-387A-4918-9C7F-4AD39F9AC59A}.Debug|Any CPU.Build.0 = Debug|Any CPU
		{9DD38AF8-387A-4918-9C7F-4AD39F9AC59A}.Release|Any CPU.ActiveCfg = Release|Any CPU
		{9DD38AF8-387A-4918-9C7F-4AD39F9AC59A}.Release|Any CPU.Build.0 = Release|Any CPU
		{9DD38AF8-387A-4918-9C7F-4AD39F9AC59A}.Travis|Any CPU.ActiveCfg = Debug|Any CPU
		{9DD38AF8-387A-4918-9C7F-4AD39F9AC59A}.Travis|Any CPU.Build.0 = Debug|Any CPU
		{159CA438-DA68-4D07-B261-F1B87E72994A}.Debug|Any CPU.ActiveCfg = Debug|Any CPU
		{159CA438-DA68-4D07-B261-F1B87E72994A}.Debug|Any CPU.Build.0 = Debug|Any CPU
		{159CA438-DA68-4D07-B261-F1B87E72994A}.Release|Any CPU.ActiveCfg = Release|Any CPU
		{159CA438-DA68-4D07-B261-F1B87E72994A}.Release|Any CPU.Build.0 = Release|Any CPU
		{159CA438-DA68-4D07-B261-F1B87E72994A}.Travis|Any CPU.ActiveCfg = Debug|Any CPU
		{159CA438-DA68-4D07-B261-F1B87E72994A}.Travis|Any CPU.Build.0 = Debug|Any CPU
		{38F478A8-21AE-4319-888B-E8717CF31731}.Debug|Any CPU.ActiveCfg = Debug|Any CPU
		{38F478A8-21AE-4319-888B-E8717CF31731}.Debug|Any CPU.Build.0 = Debug|Any CPU
		{38F478A8-21AE-4319-888B-E8717CF31731}.Release|Any CPU.ActiveCfg = Release|Any CPU
		{38F478A8-21AE-4319-888B-E8717CF31731}.Release|Any CPU.Build.0 = Release|Any CPU
		{38F478A8-21AE-4319-888B-E8717CF31731}.Travis|Any CPU.ActiveCfg = Debug|Any CPU
		{38F478A8-21AE-4319-888B-E8717CF31731}.Travis|Any CPU.Build.0 = Debug|Any CPU
		{DC5341AC-2F1A-4991-9811-E578690F2D70}.Debug|Any CPU.ActiveCfg = Debug|Any CPU
		{DC5341AC-2F1A-4991-9811-E578690F2D70}.Debug|Any CPU.Build.0 = Debug|Any CPU
		{DC5341AC-2F1A-4991-9811-E578690F2D70}.Release|Any CPU.ActiveCfg = Release|Any CPU
		{DC5341AC-2F1A-4991-9811-E578690F2D70}.Release|Any CPU.Build.0 = Release|Any CPU
		{DC5341AC-2F1A-4991-9811-E578690F2D70}.Travis|Any CPU.ActiveCfg = Debug|Any CPU
		{DC5341AC-2F1A-4991-9811-E578690F2D70}.Travis|Any CPU.Build.0 = Debug|Any CPU
		{73537B71-0C7D-4437-B5E6-1244A6B43AF5}.Debug|Any CPU.ActiveCfg = Debug|Any CPU
		{73537B71-0C7D-4437-B5E6-1244A6B43AF5}.Debug|Any CPU.Build.0 = Debug|Any CPU
		{73537B71-0C7D-4437-B5E6-1244A6B43AF5}.Release|Any CPU.ActiveCfg = Release|Any CPU
		{73537B71-0C7D-4437-B5E6-1244A6B43AF5}.Release|Any CPU.Build.0 = Release|Any CPU
		{73537B71-0C7D-4437-B5E6-1244A6B43AF5}.Travis|Any CPU.ActiveCfg = Debug|Any CPU
		{73537B71-0C7D-4437-B5E6-1244A6B43AF5}.Travis|Any CPU.Build.0 = Debug|Any CPU
		{409BABBD-8EDA-40DC-B6EA-EB485EB0BC31}.Debug|Any CPU.ActiveCfg = Debug|Any CPU
		{409BABBD-8EDA-40DC-B6EA-EB485EB0BC31}.Debug|Any CPU.Build.0 = Debug|Any CPU
		{409BABBD-8EDA-40DC-B6EA-EB485EB0BC31}.Release|Any CPU.ActiveCfg = Release|Any CPU
		{409BABBD-8EDA-40DC-B6EA-EB485EB0BC31}.Release|Any CPU.Build.0 = Release|Any CPU
		{409BABBD-8EDA-40DC-B6EA-EB485EB0BC31}.Travis|Any CPU.ActiveCfg = Debug|Any CPU
		{409BABBD-8EDA-40DC-B6EA-EB485EB0BC31}.Travis|Any CPU.Build.0 = Debug|Any CPU
		{D714518E-DAAF-470D-AB34-5B86E7DD05B0}.Debug|Any CPU.ActiveCfg = Debug|Any CPU
		{D714518E-DAAF-470D-AB34-5B86E7DD05B0}.Debug|Any CPU.Build.0 = Debug|Any CPU
		{D714518E-DAAF-470D-AB34-5B86E7DD05B0}.Release|Any CPU.ActiveCfg = Release|Any CPU
		{D714518E-DAAF-470D-AB34-5B86E7DD05B0}.Release|Any CPU.Build.0 = Release|Any CPU
		{D714518E-DAAF-470D-AB34-5B86E7DD05B0}.Travis|Any CPU.ActiveCfg = Debug|Any CPU
		{D714518E-DAAF-470D-AB34-5B86E7DD05B0}.Travis|Any CPU.Build.0 = Debug|Any CPU
		{BC5A477D-EC8B-47F1-8D30-29D97A4DF8F4}.Debug|Any CPU.ActiveCfg = Debug|Any CPU
		{BC5A477D-EC8B-47F1-8D30-29D97A4DF8F4}.Debug|Any CPU.Build.0 = Debug|Any CPU
		{BC5A477D-EC8B-47F1-8D30-29D97A4DF8F4}.Release|Any CPU.ActiveCfg = Release|Any CPU
		{BC5A477D-EC8B-47F1-8D30-29D97A4DF8F4}.Release|Any CPU.Build.0 = Release|Any CPU
		{BC5A477D-EC8B-47F1-8D30-29D97A4DF8F4}.Travis|Any CPU.ActiveCfg = Debug|Any CPU
		{BC5A477D-EC8B-47F1-8D30-29D97A4DF8F4}.Travis|Any CPU.Build.0 = Debug|Any CPU
		{6BD9A5B0-6457-4257-8C10-C451B89BA0A3}.Debug|Any CPU.ActiveCfg = Debug|Any CPU
		{6BD9A5B0-6457-4257-8C10-C451B89BA0A3}.Debug|Any CPU.Build.0 = Debug|Any CPU
		{6BD9A5B0-6457-4257-8C10-C451B89BA0A3}.Release|Any CPU.ActiveCfg = Release|Any CPU
		{6BD9A5B0-6457-4257-8C10-C451B89BA0A3}.Release|Any CPU.Build.0 = Release|Any CPU
		{6BD9A5B0-6457-4257-8C10-C451B89BA0A3}.Travis|Any CPU.ActiveCfg = Debug|Any CPU
		{6BD9A5B0-6457-4257-8C10-C451B89BA0A3}.Travis|Any CPU.Build.0 = Debug|Any CPU
		{6FD4B65E-D65B-4E70-A980-7B8F0CF6C6F7}.Debug|Any CPU.ActiveCfg = Debug|Any CPU
		{6FD4B65E-D65B-4E70-A980-7B8F0CF6C6F7}.Debug|Any CPU.Build.0 = Debug|Any CPU
		{6FD4B65E-D65B-4E70-A980-7B8F0CF6C6F7}.Release|Any CPU.ActiveCfg = Release|Any CPU
		{6FD4B65E-D65B-4E70-A980-7B8F0CF6C6F7}.Release|Any CPU.Build.0 = Release|Any CPU
		{6FD4B65E-D65B-4E70-A980-7B8F0CF6C6F7}.Travis|Any CPU.ActiveCfg = Debug|Any CPU
		{6FD4B65E-D65B-4E70-A980-7B8F0CF6C6F7}.Travis|Any CPU.Build.0 = Debug|Any CPU
		{C5CD4CB4-42F6-4736-8887-1A6B4732F4B3}.Debug|Any CPU.ActiveCfg = Debug|Any CPU
		{C5CD4CB4-42F6-4736-8887-1A6B4732F4B3}.Debug|Any CPU.Build.0 = Debug|Any CPU
		{C5CD4CB4-42F6-4736-8887-1A6B4732F4B3}.Release|Any CPU.ActiveCfg = Release|Any CPU
		{C5CD4CB4-42F6-4736-8887-1A6B4732F4B3}.Release|Any CPU.Build.0 = Release|Any CPU
		{C5CD4CB4-42F6-4736-8887-1A6B4732F4B3}.Travis|Any CPU.ActiveCfg = Debug|Any CPU
		{C5CD4CB4-42F6-4736-8887-1A6B4732F4B3}.Travis|Any CPU.Build.0 = Debug|Any CPU
		{FF53C33A-42C1-465E-9168-C562772EF1AC}.Debug|Any CPU.ActiveCfg = Debug|Any CPU
		{FF53C33A-42C1-465E-9168-C562772EF1AC}.Debug|Any CPU.Build.0 = Debug|Any CPU
		{FF53C33A-42C1-465E-9168-C562772EF1AC}.Release|Any CPU.ActiveCfg = Release|Any CPU
		{FF53C33A-42C1-465E-9168-C562772EF1AC}.Release|Any CPU.Build.0 = Release|Any CPU
		{FF53C33A-42C1-465E-9168-C562772EF1AC}.Travis|Any CPU.ActiveCfg = Debug|Any CPU
		{FF53C33A-42C1-465E-9168-C562772EF1AC}.Travis|Any CPU.Build.0 = Debug|Any CPU
		{9114805A-1F36-43DA-8207-F6188693E291}.Debug|Any CPU.ActiveCfg = Debug|Any CPU
		{9114805A-1F36-43DA-8207-F6188693E291}.Debug|Any CPU.Build.0 = Debug|Any CPU
		{9114805A-1F36-43DA-8207-F6188693E291}.Release|Any CPU.ActiveCfg = Release|Any CPU
		{9114805A-1F36-43DA-8207-F6188693E291}.Release|Any CPU.Build.0 = Release|Any CPU
		{9114805A-1F36-43DA-8207-F6188693E291}.Travis|Any CPU.ActiveCfg = Debug|Any CPU
		{9114805A-1F36-43DA-8207-F6188693E291}.Travis|Any CPU.Build.0 = Debug|Any CPU
		{2A613175-816A-47AC-B896-E7B6B3DDDC2B}.Debug|Any CPU.ActiveCfg = Debug|Any CPU
		{2A613175-816A-47AC-B896-E7B6B3DDDC2B}.Debug|Any CPU.Build.0 = Debug|Any CPU
		{2A613175-816A-47AC-B896-E7B6B3DDDC2B}.Release|Any CPU.ActiveCfg = Release|Any CPU
		{2A613175-816A-47AC-B896-E7B6B3DDDC2B}.Release|Any CPU.Build.0 = Release|Any CPU
		{2A613175-816A-47AC-B896-E7B6B3DDDC2B}.Travis|Any CPU.ActiveCfg = Debug|Any CPU
		{2A613175-816A-47AC-B896-E7B6B3DDDC2B}.Travis|Any CPU.Build.0 = Debug|Any CPU
		{C1B50A8A-7C32-4560-99B5-71DB1C262B86}.Debug|Any CPU.ActiveCfg = Debug|Any CPU
		{C1B50A8A-7C32-4560-99B5-71DB1C262B86}.Debug|Any CPU.Build.0 = Debug|Any CPU
		{C1B50A8A-7C32-4560-99B5-71DB1C262B86}.Release|Any CPU.ActiveCfg = Release|Any CPU
		{C1B50A8A-7C32-4560-99B5-71DB1C262B86}.Release|Any CPU.Build.0 = Release|Any CPU
		{C1B50A8A-7C32-4560-99B5-71DB1C262B86}.Travis|Any CPU.ActiveCfg = Debug|Any CPU
		{C1B50A8A-7C32-4560-99B5-71DB1C262B86}.Travis|Any CPU.Build.0 = Debug|Any CPU
	EndGlobalSection
	GlobalSection(SolutionProperties) = preSolution
		HideSolutionNode = FALSE
	EndGlobalSection
	GlobalSection(ExtensibilityGlobals) = postSolution
		SolutionGuid = {172D2505-0919-488D-A44A-A71A3CE6C382}
	EndGlobalSection
EndGlobal
